
Microsoft Visual Studio Solution File, Format Version 12.00
# Visual Studio 2013
VisualStudioVersion = 12.0.31101.0
MinimumVisualStudioVersion = 10.0.40219.1
Project("{7CF6DF6D-3B04-46F8-A40B-537D21BCA0B4}") = "Documentation.v3.5", "Documentation.v3.5.shfbproj", "{60B1668C-4331-4E3D-86F6-954FFCE0CD36}"
EndProject
Project("{7CF6DF6D-3B04-46F8-A40B-537D21BCA0B4}") = "Documentation.v4.0", "Documentation.v4.0.shfbproj", "{EA57BD15-3742-45B8-BDE2-263F7236BAFD}"
EndProject
Project("{7CF6DF6D-3B04-46F8-A40B-537D21BCA0B4}") = "AdditionalReferenceDocumentation", "AdditionalReferenceDocumentation.shfbproj", "{1D084AB3-E5DB-4A72-9DAF-E51D225D5FCF}"
EndProject
Project("{2150E333-8FDC-42A3-9474-1A3956D46DE8}") = "History", "History", "{4ACC6725-E54F-4245-8100-CFE8180332D5}"
EndProject
Project("{7CF6DF6D-3B04-46F8-A40B-537D21BCA0B4}") = "Documentation.Current", "History\Current\Documentation.Current.shfbproj", "{04832591-1BB8-40F3-86A8-BE39F852223A}"
EndProject
Project("{7CF6DF6D-3B04-46F8-A40B-537D21BCA0B4}") = "Documentation.1.0.0", "History\1.0.0\Documentation.1.0.0.shfbproj", "{03B2E018-1C97-4EA5-ABE4-B77DE03998BE}"
EndProject
Project("{7CF6DF6D-3B04-46F8-A40B-537D21BCA0B4}") = "Documentation.1.0.1", "History\1.0.1\Documentation.1.0.1.shfbproj", "{1A9A19DB-3244-4A7B-A346-AD3E6C06B49B}"
EndProject
Project("{7CF6DF6D-3B04-46F8-A40B-537D21BCA0B4}") = "Documentation.1.0.2", "History\1.0.2\Documentation.1.0.2.shfbproj", "{55D69660-CC73-469A-94CE-A28405B7C13F}"
EndProject
Project("{7CF6DF6D-3B04-46F8-A40B-537D21BCA0B4}") = "Documentation.1.0.3", "History\1.0.3\Documentation.1.0.3.shfbproj", "{B1EC6A50-FE20-490F-A633-A0CEA5ACF7C4}"
EndProject
Project("{7CF6DF6D-3B04-46F8-A40B-537D21BCA0B4}") = "Documentation.1.1.0", "History\1.1.0\Documentation.1.1.0.shfbproj", "{D822E6B6-277C-460C-A674-EBB28F10DE9C}"
EndProject
Project("{7CF6DF6D-3B04-46F8-A40B-537D21BCA0B4}") = "Documentation.1.1.1", "History\1.1.1\Documentation.1.1.1.shfbproj", "{2102A83A-0501-43E4-AD19-AF0D408457A4}"
EndProject
Project("{7CF6DF6D-3B04-46F8-A40B-537D21BCA0B4}") = "Documentation.1.1.2", "History\1.1.2\Documentation.1.1.2.shfbproj", "{7D354409-687E-4397-B5E0-C305EE177E97}"
EndProject
Project("{7CF6DF6D-3B04-46F8-A40B-537D21BCA0B4}") = "Documentation.1.1.3", "History\1.1.3\Documentation.1.1.3.shfbproj", "{B2AFA1D8-2EDE-49D0-8F6A-DE705A3DACDE}"
EndProject
Project("{7CF6DF6D-3B04-46F8-A40B-537D21BCA0B4}") = "Documentation.1.2.0", "History\1.2.0\Documentation.1.2.0.shfbproj", "{18425383-3F99-4407-81C7-E5338CE93152}"
EndProject
Project("{7CF6DF6D-3B04-46F8-A40B-537D21BCA0B4}") = "Documentation.1.3.0", "History\1.3.0\Documentation.1.3.0.shfbproj", "{895D00C5-F240-41D0-B6FE-F91898EADDDD}"
EndProject
Project("{7CF6DF6D-3B04-46F8-A40B-537D21BCA0B4}") = "Documentation.1.3.1", "History\1.3.1\Documentation.1.3.1.shfbproj", "{A537F483-6BFE-4C43-B30A-858706E823D7}"
EndProject
Project("{7CF6DF6D-3B04-46F8-A40B-537D21BCA0B4}") = "Documentation.1.3.2", "History\1.3.2\Documentation.1.3.2.shfbproj", "{152CADE4-0D5C-459D-BF83-D15BB332091E}"
EndProject
Project("{7CF6DF6D-3B04-46F8-A40B-537D21BCA0B4}") = "Documentation.1.3.3", "History\1.3.3\Documentation.1.3.3.shfbproj", "{FC6B5322-98E9-49D4-BDE0-CF69847374DD}"
EndProject
Global
	GlobalSection(SolutionConfigurationPlatforms) = preSolution
		Debug|Any CPU = Debug|Any CPU
		Release|Any CPU = Release|Any CPU
	EndGlobalSection
	GlobalSection(ProjectConfigurationPlatforms) = postSolution
		{60B1668C-4331-4E3D-86F6-954FFCE0CD36}.Debug|Any CPU.ActiveCfg = Debug|Any CPU
		{60B1668C-4331-4E3D-86F6-954FFCE0CD36}.Debug|Any CPU.Build.0 = Debug|Any CPU
		{60B1668C-4331-4E3D-86F6-954FFCE0CD36}.Release|Any CPU.ActiveCfg = Release|Any CPU
		{60B1668C-4331-4E3D-86F6-954FFCE0CD36}.Release|Any CPU.Build.0 = Release|Any CPU
		{EA57BD15-3742-45B8-BDE2-263F7236BAFD}.Debug|Any CPU.ActiveCfg = Debug|Any CPU
		{EA57BD15-3742-45B8-BDE2-263F7236BAFD}.Debug|Any CPU.Build.0 = Debug|Any CPU
		{EA57BD15-3742-45B8-BDE2-263F7236BAFD}.Release|Any CPU.ActiveCfg = Release|Any CPU
		{EA57BD15-3742-45B8-BDE2-263F7236BAFD}.Release|Any CPU.Build.0 = Release|Any CPU
		{1D084AB3-E5DB-4A72-9DAF-E51D225D5FCF}.Debug|Any CPU.ActiveCfg = Debug|Any CPU
		{1D084AB3-E5DB-4A72-9DAF-E51D225D5FCF}.Release|Any CPU.ActiveCfg = Release|Any CPU
		{04832591-1BB8-40F3-86A8-BE39F852223A}.Debug|Any CPU.ActiveCfg = Debug|Any CPU
		{04832591-1BB8-40F3-86A8-BE39F852223A}.Release|Any CPU.ActiveCfg = Release|Any CPU
		{03B2E018-1C97-4EA5-ABE4-B77DE03998BE}.Debug|Any CPU.ActiveCfg = Debug|Any CPU
		{03B2E018-1C97-4EA5-ABE4-B77DE03998BE}.Release|Any CPU.ActiveCfg = Release|Any CPU
		{1A9A19DB-3244-4A7B-A346-AD3E6C06B49B}.Debug|Any CPU.ActiveCfg = Debug|Any CPU
		{1A9A19DB-3244-4A7B-A346-AD3E6C06B49B}.Release|Any CPU.ActiveCfg = Release|Any CPU
		{55D69660-CC73-469A-94CE-A28405B7C13F}.Debug|Any CPU.ActiveCfg = Debug|Any CPU
		{55D69660-CC73-469A-94CE-A28405B7C13F}.Release|Any CPU.ActiveCfg = Release|Any CPU
		{B1EC6A50-FE20-490F-A633-A0CEA5ACF7C4}.Debug|Any CPU.ActiveCfg = Debug|Any CPU
		{B1EC6A50-FE20-490F-A633-A0CEA5ACF7C4}.Release|Any CPU.ActiveCfg = Release|Any CPU
		{D822E6B6-277C-460C-A674-EBB28F10DE9C}.Debug|Any CPU.ActiveCfg = Debug|Any CPU
		{D822E6B6-277C-460C-A674-EBB28F10DE9C}.Release|Any CPU.ActiveCfg = Release|Any CPU
		{2102A83A-0501-43E4-AD19-AF0D408457A4}.Debug|Any CPU.ActiveCfg = Debug|Any CPU
		{2102A83A-0501-43E4-AD19-AF0D408457A4}.Release|Any CPU.ActiveCfg = Release|Any CPU
		{7D354409-687E-4397-B5E0-C305EE177E97}.Debug|Any CPU.ActiveCfg = Debug|Any CPU
		{7D354409-687E-4397-B5E0-C305EE177E97}.Release|Any CPU.ActiveCfg = Release|Any CPU
		{B2AFA1D8-2EDE-49D0-8F6A-DE705A3DACDE}.Debug|Any CPU.ActiveCfg = Debug|Any CPU
		{B2AFA1D8-2EDE-49D0-8F6A-DE705A3DACDE}.Release|Any CPU.ActiveCfg = Release|Any CPU
		{18425383-3F99-4407-81C7-E5338CE93152}.Debug|Any CPU.ActiveCfg = Debug|Any CPU
		{18425383-3F99-4407-81C7-E5338CE93152}.Release|Any CPU.ActiveCfg = Release|Any CPU
		{895D00C5-F240-41D0-B6FE-F91898EADDDD}.Debug|Any CPU.ActiveCfg = Debug|Any CPU
		{895D00C5-F240-41D0-B6FE-F91898EADDDD}.Release|Any CPU.ActiveCfg = Release|Any CPU
		{A537F483-6BFE-4C43-B30A-858706E823D7}.Debug|Any CPU.ActiveCfg = Debug|Any CPU
		{A537F483-6BFE-4C43-B30A-858706E823D7}.Release|Any CPU.ActiveCfg = Release|Any CPU
		{152CADE4-0D5C-459D-BF83-D15BB332091E}.Debug|Any CPU.ActiveCfg = Debug|Any CPU
		{152CADE4-0D5C-459D-BF83-D15BB332091E}.Release|Any CPU.ActiveCfg = Release|Any CPU
		{FC6B5322-98E9-49D4-BDE0-CF69847374DD}.Debug|Any CPU.ActiveCfg = Debug|Any CPU
		{FC6B5322-98E9-49D4-BDE0-CF69847374DD}.Release|Any CPU.ActiveCfg = Release|Any CPU
	EndGlobalSection
	GlobalSection(SolutionProperties) = preSolution
		HideSolutionNode = FALSE
	EndGlobalSection
	GlobalSection(NestedProjects) = preSolution
		{04832591-1BB8-40F3-86A8-BE39F852223A} = {4ACC6725-E54F-4245-8100-CFE8180332D5}
		{03B2E018-1C97-4EA5-ABE4-B77DE03998BE} = {4ACC6725-E54F-4245-8100-CFE8180332D5}
		{1A9A19DB-3244-4A7B-A346-AD3E6C06B49B} = {4ACC6725-E54F-4245-8100-CFE8180332D5}
		{55D69660-CC73-469A-94CE-A28405B7C13F} = {4ACC6725-E54F-4245-8100-CFE8180332D5}
		{B1EC6A50-FE20-490F-A633-A0CEA5ACF7C4} = {4ACC6725-E54F-4245-8100-CFE8180332D5}
		{D822E6B6-277C-460C-A674-EBB28F10DE9C} = {4ACC6725-E54F-4245-8100-CFE8180332D5}
		{2102A83A-0501-43E4-AD19-AF0D408457A4} = {4ACC6725-E54F-4245-8100-CFE8180332D5}
		{7D354409-687E-4397-B5E0-C305EE177E97} = {4ACC6725-E54F-4245-8100-CFE8180332D5}
		{B2AFA1D8-2EDE-49D0-8F6A-DE705A3DACDE} = {4ACC6725-E54F-4245-8100-CFE8180332D5}
		{18425383-3F99-4407-81C7-E5338CE93152} = {4ACC6725-E54F-4245-8100-CFE8180332D5}
		{895D00C5-F240-41D0-B6FE-F91898EADDDD} = {4ACC6725-E54F-4245-8100-CFE8180332D5}
		{A537F483-6BFE-4C43-B30A-858706E823D7} = {4ACC6725-E54F-4245-8100-CFE8180332D5}
		{152CADE4-0D5C-459D-BF83-D15BB332091E} = {4ACC6725-E54F-4245-8100-CFE8180332D5}
		{FC6B5322-98E9-49D4-BDE0-CF69847374DD} = {4ACC6725-E54F-4245-8100-CFE8180332D5}
	EndGlobalSection
EndGlobal
