
Microsoft Visual Studio Solution File, Format Version 11.00
# Visual Studio 2010
Project("{FAE04EC0-301F-11D3-BF4B-00C04F79EFBC}") = "corelib", "corelib\corelib.csproj", "{7DBA11EB-DBA7-4D3A-8D42-B5312E74B9C0}"
EndProject
Project("{FAE04EC0-301F-11D3-BF4B-00C04F79EFBC}") = "console", "console\console.csproj", "{1C279666-B88A-4765-8A51-B352C85EFC28}"
EndProject
Project("{FAE04EC0-301F-11D3-BF4B-00C04F79EFBC}") = "ui", "ui\ui.csproj", "{2BC51C71-E855-4BF6-BE9D-3ECCE4E2B39C}"
EndProject
Global
	GlobalSection(SolutionConfigurationPlatforms) = preSolution
		Debug|Any CPU = Debug|Any CPU
		Debug|Mixed Platforms = Debug|Mixed Platforms
		Debug|x86 = Debug|x86
		Release|Any CPU = Release|Any CPU
		Release|Mixed Platforms = Release|Mixed Platforms
		Release|x86 = Release|x86
	EndGlobalSection
	GlobalSection(ProjectConfigurationPlatforms) = postSolution
		{7DBA11EB-DBA7-4D3A-8D42-B5312E74B9C0}.Debug|Any CPU.ActiveCfg = Debug|Any CPU
		{7DBA11EB-DBA7-4D3A-8D42-B5312E74B9C0}.Debug|Any CPU.Build.0 = Debug|Any CPU
		{7DBA11EB-DBA7-4D3A-8D42-B5312E74B9C0}.Debug|Mixed Platforms.ActiveCfg = Debug|Any CPU
		{7DBA11EB-DBA7-4D3A-8D42-B5312E74B9C0}.Debug|Mixed Platforms.Build.0 = Debug|Any CPU
		{7DBA11EB-DBA7-4D3A-8D42-B5312E74B9C0}.Debug|x86.ActiveCfg = Debug|Any CPU
		{7DBA11EB-DBA7-4D3A-8D42-B5312E74B9C0}.Release|Any CPU.ActiveCfg = Release|Any CPU
		{7DBA11EB-DBA7-4D3A-8D42-B5312E74B9C0}.Release|Any CPU.Build.0 = Release|Any CPU
		{7DBA11EB-DBA7-4D3A-8D42-B5312E74B9C0}.Release|Mixed Platforms.ActiveCfg = Release|Any CPU
		{7DBA11EB-DBA7-4D3A-8D42-B5312E74B9C0}.Release|Mixed Platforms.Build.0 = Release|Any CPU
		{7DBA11EB-DBA7-4D3A-8D42-B5312E74B9C0}.Release|x86.ActiveCfg = Release|Any CPU
		{1C279666-B88A-4765-8A51-B352C85EFC28}.Debug|Any CPU.ActiveCfg = Debug|x86
		{1C279666-B88A-4765-8A51-B352C85EFC28}.Debug|Mixed Platforms.ActiveCfg = Debug|x86
		{1C279666-B88A-4765-8A51-B352C85EFC28}.Debug|Mixed Platforms.Build.0 = Debug|x86
		{1C279666-B88A-4765-8A51-B352C85EFC28}.Debug|x86.ActiveCfg = Debug|x86
		{1C279666-B88A-4765-8A51-B352C85EFC28}.Debug|x86.Build.0 = Debug|x86
		{1C279666-B88A-4765-8A51-B352C85EFC28}.Release|Any CPU.ActiveCfg = Release|x86
		{1C279666-B88A-4765-8A51-B352C85EFC28}.Release|Mixed Platforms.ActiveCfg = Release|x86
		{1C279666-B88A-4765-8A51-B352C85EFC28}.Release|Mixed Platforms.Build.0 = Release|x86
		{1C279666-B88A-4765-8A51-B352C85EFC28}.Release|x86.ActiveCfg = Release|x86
		{1C279666-B88A-4765-8A51-B352C85EFC28}.Release|x86.Build.0 = Release|x86
		{2BC51C71-E855-4BF6-BE9D-3ECCE4E2B39C}.Debug|Any CPU.ActiveCfg = Debug|x86
		{2BC51C71-E855-4BF6-BE9D-3ECCE4E2B39C}.Debug|Mixed Platforms.ActiveCfg = Debug|x86
		{2BC51C71-E855-4BF6-BE9D-3ECCE4E2B39C}.Debug|Mixed Platforms.Build.0 = Debug|x86
		{2BC51C71-E855-4BF6-BE9D-3ECCE4E2B39C}.Debug|x86.ActiveCfg = Debug|x86
		{2BC51C71-E855-4BF6-BE9D-3ECCE4E2B39C}.Debug|x86.Build.0 = Debug|x86
		{2BC51C71-E855-4BF6-BE9D-3ECCE4E2B39C}.Release|Any CPU.ActiveCfg = Release|x86
		{2BC51C71-E855-4BF6-BE9D-3ECCE4E2B39C}.Release|Mixed Platforms.ActiveCfg = Release|x86
		{2BC51C71-E855-4BF6-BE9D-3ECCE4E2B39C}.Release|Mixed Platforms.Build.0 = Release|x86
		{2BC51C71-E855-4BF6-BE9D-3ECCE4E2B39C}.Release|x86.ActiveCfg = Release|x86
		{2BC51C71-E855-4BF6-BE9D-3ECCE4E2B39C}.Release|x86.Build.0 = Release|x86
	EndGlobalSection
	GlobalSection(SolutionProperties) = preSolution
		HideSolutionNode = FALSE
	EndGlobalSection
EndGlobal
