
Microsoft Visual Studio Solution File, Format Version 12.00
# Visual Studio 2013
VisualStudioVersion = 12.0.30723.0
MinimumVisualStudioVersion = 10.0.40219.1
Project("{FAE04EC0-301F-11D3-BF4B-00C04F79EFBC}") = "corelib.v4.0", "corelib\corelib.v4.0.csproj", "{7DBA11EB-DBA7-4D3A-8D42-B5312E74B9C0}"
EndProject
Project("{FAE04EC0-301F-11D3-BF4B-00C04F79EFBC}") = "integration", "testing\integration\integration.csproj", "{C1D0D0D8-9EF2-4557-B85F-34FDB0F466C4}"
EndProject
Project("{2150E333-8FDC-42A3-9474-1A3956D46DE8}") = "Solution Items", "Solution Items", "{DD863CE0-64D7-43AC-9DDD-C745B36CCD2C}"
	ProjectSection(SolutionItems) = preProject
		openstack.net.vsmdi = openstack.net.vsmdi
		TraceAndTestImpact.testsettings = TraceAndTestImpact.testsettings
	EndProjectSection
EndProject
Project("{2150E333-8FDC-42A3-9474-1A3956D46DE8}") = "testing", "testing", "{62B45D81-B643-4E2B-B612-F479B9570F3A}"
EndProject
Project("{FAE04EC0-301F-11D3-BF4B-00C04F79EFBC}") = "unit", "testing\unit\unit.csproj", "{FDFD92C2-75CF-4437-87B8-841EC3624CE4}"
EndProject
Project("{FAE04EC0-301F-11D3-BF4B-00C04F79EFBC}") = "console", "console\console.csproj", "{1C279666-B88A-4765-8A51-B352C85EFC28}"
EndProject
Project("{7CF6DF6D-3B04-46F8-A40B-537D21BCA0B4}") = "Documentation.v4.0", "Documentation\Documentation.v4.0.shfbproj", "{EA57BD15-3742-45B8-BDE2-263F7236BAFD}"
	ProjectSection(ProjectDependencies) = postProject
		{E49D9DC3-79D5-4C5E-8C38-FD5060B4E318} = {E49D9DC3-79D5-4C5E-8C38-FD5060B4E318}
		{7DBA11EB-DBA7-4D3A-8D42-B5312E74B9C0} = {7DBA11EB-DBA7-4D3A-8D42-B5312E74B9C0}
	EndProjectSection
EndProject
Project("{FAE04EC0-301F-11D3-BF4B-00C04F79EFBC}") = "corelib.v3.5", "corelib\corelib.v3.5.csproj", "{E49D9DC3-79D5-4C5E-8C38-FD5060B4E318}"
EndProject
Project("{7CF6DF6D-3B04-46F8-A40B-537D21BCA0B4}") = "Documentation.v3.5", "Documentation\Documentation.v3.5.shfbproj", "{60B1668C-4331-4E3D-86F6-954FFCE0CD36}"
	ProjectSection(ProjectDependencies) = postProject
		{E49D9DC3-79D5-4C5E-8C38-FD5060B4E318} = {E49D9DC3-79D5-4C5E-8C38-FD5060B4E318}
	EndProjectSection
EndProject
Project("{2150E333-8FDC-42A3-9474-1A3956D46DE8}") = ".nuget", ".nuget", "{75DE60CC-05A2-49B4-A145-C5FD7AB2CB91}"
	ProjectSection(SolutionItems) = preProject
		.nuget\NuGet.Config = .nuget\NuGet.Config
		.nuget\NuGet.exe = .nuget\NuGet.exe
		.nuget\NuGet.targets = .nuget\NuGet.targets
	EndProjectSection
EndProject
Project("{2150E333-8FDC-42A3-9474-1A3956D46DE8}") = "Samples", "Samples", "{49189605-C4D9-4DE1-A2CA-03774C69EC0A}"
EndProject
Project("{FAE04EC0-301F-11D3-BF4B-00C04F79EFBC}") = "CSharpCodeSamples", "Samples\CSharpCodeSamples\CSharpCodeSamples.csproj", "{F2743826-5116-42F4-B75A-3D54B6BE3462}"
EndProject
Project("{F184B08F-C81C-45F6-A57F-5ABD9991F28F}") = "VBCodeSamples", "Samples\VBCodeSamples\VBCodeSamples.vbproj", "{DE089B79-BFF9-4DCE-8457-5E442130922E}"
EndProject
Project("{8BC9CEB8-8B4A-11D0-8D11-00A0C91BC942}") = "CPPCodeSamples", "Samples\CPPCodeSamples\CPPCodeSamples.vcxproj", "{2B5E19B8-7169-4F4F-92DA-AE7D9F20DDC4}"
EndProject
Project("{F2A71F9B-5D33-465A-A702-920D77279786}") = "FSharpCodeSamples", "Samples\FSharpCodeSamples\FSharpCodeSamples.fsproj", "{6F852167-4873-4541-A4FF-F4D9E396927B}"
EndProject
Project("{7CF6DF6D-3B04-46F8-A40B-537D21BCA0B4}") = "AdditionalReferenceDocumentation", "Documentation\AdditionalReferenceDocumentation.shfbproj", "{1D084AB3-E5DB-4A72-9DAF-E51D225D5FCF}"
EndProject
Project("{2150E333-8FDC-42A3-9474-1A3956D46DE8}") = "Build", "Build", "{EFFA0DAE-1829-4783-92CF-390CFCE22E43}"
	ProjectSection(SolutionItems) = preProject
		..\build\build.ps1 = ..\build\build.ps1
		..\build\check-key.ps1 = ..\build\check-key.ps1
		..\build\keys.ps1 = ..\build\keys.ps1
		..\build\push.ps1 = ..\build\push.ps1
		..\build\version.ps1 = ..\build\version.ps1
	EndProjectSection
EndProject
Project("{2150E333-8FDC-42A3-9474-1A3956D46DE8}") = "Docs", "Docs", "{5EB9C284-E943-4333-9F80-7C12475ACD00}"
EndProject
Project("{2150E333-8FDC-42A3-9474-1A3956D46DE8}") = "History", "History", "{98480338-49A3-410D-8A11-E7956AEF9ACA}"
EndProject
Project("{7CF6DF6D-3B04-46F8-A40B-537D21BCA0B4}") = "Documentation.Current", "Documentation.History\Current\Documentation.Current.shfbproj", "{04832591-1BB8-40F3-86A8-BE39F852223A}"
	ProjectSection(ProjectDependencies) = postProject
		{E49D9DC3-79D5-4C5E-8C38-FD5060B4E318} = {E49D9DC3-79D5-4C5E-8C38-FD5060B4E318}
	EndProjectSection
EndProject
Project("{7CF6DF6D-3B04-46F8-A40B-537D21BCA0B4}") = "Documentation.1.3.2", "Documentation.History\1.3.2\Documentation.1.3.2.shfbproj", "{152CADE4-0D5C-459D-BF83-D15BB332091E}"
EndProject
Project("{7CF6DF6D-3B04-46F8-A40B-537D21BCA0B4}") = "Documentation.1.3.1", "Documentation.History\1.3.1\Documentation.1.3.1.shfbproj", "{A537F483-6BFE-4C43-B30A-858706E823D7}"
EndProject
Project("{7CF6DF6D-3B04-46F8-A40B-537D21BCA0B4}") = "Documentation.1.3.0", "Documentation.History\1.3.0\Documentation.1.3.0.shfbproj", "{895D00C5-F240-41D0-B6FE-F91898EADDDD}"
EndProject
Project("{7CF6DF6D-3B04-46F8-A40B-537D21BCA0B4}") = "Documentation.1.2.0", "Documentation.History\1.2.0\Documentation.1.2.0.shfbproj", "{18425383-3F99-4407-81C7-E5338CE93152}"
EndProject
Project("{7CF6DF6D-3B04-46F8-A40B-537D21BCA0B4}") = "Documentation.1.1.3", "Documentation.History\1.1.3\Documentation.1.1.3.shfbproj", "{B2AFA1D8-2EDE-49D0-8F6A-DE705A3DACDE}"
EndProject
Project("{7CF6DF6D-3B04-46F8-A40B-537D21BCA0B4}") = "Documentation.1.1.2", "Documentation.History\1.1.2\Documentation.1.1.2.shfbproj", "{7D354409-687E-4397-B5E0-C305EE177E97}"
EndProject
Project("{7CF6DF6D-3B04-46F8-A40B-537D21BCA0B4}") = "Documentation.1.1.1", "Documentation.History\1.1.1\Documentation.1.1.1.shfbproj", "{2102A83A-0501-43E4-AD19-AF0D408457A4}"
EndProject
Project("{7CF6DF6D-3B04-46F8-A40B-537D21BCA0B4}") = "Documentation.1.1.0", "Documentation.History\1.1.0\Documentation.1.1.0.shfbproj", "{D822E6B6-277C-460C-A674-EBB28F10DE9C}"
EndProject
Project("{7CF6DF6D-3B04-46F8-A40B-537D21BCA0B4}") = "Documentation.1.0.3", "Documentation.History\1.0.3\Documentation.1.0.3.shfbproj", "{B1EC6A50-FE20-490F-A633-A0CEA5ACF7C4}"
EndProject
Project("{7CF6DF6D-3B04-46F8-A40B-537D21BCA0B4}") = "Documentation.1.0.2", "Documentation.History\1.0.2\Documentation.1.0.2.shfbproj", "{55D69660-CC73-469A-94CE-A28405B7C13F}"
EndProject
Project("{7CF6DF6D-3B04-46F8-A40B-537D21BCA0B4}") = "Documentation.1.0.1", "Documentation.History\1.0.1\Documentation.1.0.1.shfbproj", "{1A9A19DB-3244-4A7B-A346-AD3E6C06B49B}"
EndProject
Project("{7CF6DF6D-3B04-46F8-A40B-537D21BCA0B4}") = "Documentation.1.0.0", "Documentation.History\1.0.0\Documentation.1.0.0.shfbproj", "{03B2E018-1C97-4EA5-ABE4-B77DE03998BE}"
EndProject
Global
	GlobalSection(SolutionConfigurationPlatforms) = preSolution
		Debug|Mixed Platforms = Debug|Mixed Platforms
		Release|Mixed Platforms = Release|Mixed Platforms
		ReleaseNoDocs|Mixed Platforms = ReleaseNoDocs|Mixed Platforms
	EndGlobalSection
	GlobalSection(ProjectConfigurationPlatforms) = postSolution
		{7DBA11EB-DBA7-4D3A-8D42-B5312E74B9C0}.Debug|Mixed Platforms.ActiveCfg = Debug|Any CPU
		{7DBA11EB-DBA7-4D3A-8D42-B5312E74B9C0}.Debug|Mixed Platforms.Build.0 = Debug|Any CPU
		{7DBA11EB-DBA7-4D3A-8D42-B5312E74B9C0}.Release|Mixed Platforms.ActiveCfg = Release|Any CPU
		{7DBA11EB-DBA7-4D3A-8D42-B5312E74B9C0}.Release|Mixed Platforms.Build.0 = Release|Any CPU
		{7DBA11EB-DBA7-4D3A-8D42-B5312E74B9C0}.ReleaseNoDocs|Mixed Platforms.ActiveCfg = Release|Any CPU
		{7DBA11EB-DBA7-4D3A-8D42-B5312E74B9C0}.ReleaseNoDocs|Mixed Platforms.Build.0 = Release|Any CPU
		{C1D0D0D8-9EF2-4557-B85F-34FDB0F466C4}.Debug|Mixed Platforms.ActiveCfg = Debug|Any CPU
		{C1D0D0D8-9EF2-4557-B85F-34FDB0F466C4}.Debug|Mixed Platforms.Build.0 = Debug|Any CPU
		{C1D0D0D8-9EF2-4557-B85F-34FDB0F466C4}.Release|Mixed Platforms.ActiveCfg = Release|Any CPU
		{C1D0D0D8-9EF2-4557-B85F-34FDB0F466C4}.Release|Mixed Platforms.Build.0 = Release|Any CPU
		{C1D0D0D8-9EF2-4557-B85F-34FDB0F466C4}.ReleaseNoDocs|Mixed Platforms.ActiveCfg = Release|Any CPU
		{C1D0D0D8-9EF2-4557-B85F-34FDB0F466C4}.ReleaseNoDocs|Mixed Platforms.Build.0 = Release|Any CPU
		{FDFD92C2-75CF-4437-87B8-841EC3624CE4}.Debug|Mixed Platforms.ActiveCfg = Debug|Any CPU
		{FDFD92C2-75CF-4437-87B8-841EC3624CE4}.Debug|Mixed Platforms.Build.0 = Debug|Any CPU
		{FDFD92C2-75CF-4437-87B8-841EC3624CE4}.Release|Mixed Platforms.ActiveCfg = Release|Any CPU
		{FDFD92C2-75CF-4437-87B8-841EC3624CE4}.Release|Mixed Platforms.Build.0 = Release|Any CPU
		{FDFD92C2-75CF-4437-87B8-841EC3624CE4}.ReleaseNoDocs|Mixed Platforms.ActiveCfg = Release|Any CPU
		{FDFD92C2-75CF-4437-87B8-841EC3624CE4}.ReleaseNoDocs|Mixed Platforms.Build.0 = Release|Any CPU
		{1C279666-B88A-4765-8A51-B352C85EFC28}.Debug|Mixed Platforms.ActiveCfg = Debug|x86
		{1C279666-B88A-4765-8A51-B352C85EFC28}.Debug|Mixed Platforms.Build.0 = Debug|x86
		{1C279666-B88A-4765-8A51-B352C85EFC28}.Release|Mixed Platforms.ActiveCfg = Release|x86
		{1C279666-B88A-4765-8A51-B352C85EFC28}.Release|Mixed Platforms.Build.0 = Release|x86
		{1C279666-B88A-4765-8A51-B352C85EFC28}.ReleaseNoDocs|Mixed Platforms.ActiveCfg = Release|x86
		{1C279666-B88A-4765-8A51-B352C85EFC28}.ReleaseNoDocs|Mixed Platforms.Build.0 = Release|x86
		{EA57BD15-3742-45B8-BDE2-263F7236BAFD}.Debug|Mixed Platforms.ActiveCfg = Debug|Any CPU
		{EA57BD15-3742-45B8-BDE2-263F7236BAFD}.Release|Mixed Platforms.ActiveCfg = Release|Any CPU
		{EA57BD15-3742-45B8-BDE2-263F7236BAFD}.Release|Mixed Platforms.Build.0 = Release|Any CPU
		{EA57BD15-3742-45B8-BDE2-263F7236BAFD}.ReleaseNoDocs|Mixed Platforms.ActiveCfg = Release|Any CPU
		{E49D9DC3-79D5-4C5E-8C38-FD5060B4E318}.Debug|Mixed Platforms.ActiveCfg = Debug|Any CPU
		{E49D9DC3-79D5-4C5E-8C38-FD5060B4E318}.Debug|Mixed Platforms.Build.0 = Debug|Any CPU
		{E49D9DC3-79D5-4C5E-8C38-FD5060B4E318}.Release|Mixed Platforms.ActiveCfg = Release|Any CPU
		{E49D9DC3-79D5-4C5E-8C38-FD5060B4E318}.Release|Mixed Platforms.Build.0 = Release|Any CPU
		{E49D9DC3-79D5-4C5E-8C38-FD5060B4E318}.ReleaseNoDocs|Mixed Platforms.ActiveCfg = Release|Any CPU
		{E49D9DC3-79D5-4C5E-8C38-FD5060B4E318}.ReleaseNoDocs|Mixed Platforms.Build.0 = Release|Any CPU
		{60B1668C-4331-4E3D-86F6-954FFCE0CD36}.Debug|Mixed Platforms.ActiveCfg = Debug|Any CPU
		{60B1668C-4331-4E3D-86F6-954FFCE0CD36}.Release|Mixed Platforms.ActiveCfg = Release|Any CPU
		{60B1668C-4331-4E3D-86F6-954FFCE0CD36}.Release|Mixed Platforms.Build.0 = Release|Any CPU
		{60B1668C-4331-4E3D-86F6-954FFCE0CD36}.ReleaseNoDocs|Mixed Platforms.ActiveCfg = Release|Any CPU
		{F2743826-5116-42F4-B75A-3D54B6BE3462}.Debug|Mixed Platforms.ActiveCfg = Debug|Any CPU
		{F2743826-5116-42F4-B75A-3D54B6BE3462}.Debug|Mixed Platforms.Build.0 = Debug|Any CPU
		{F2743826-5116-42F4-B75A-3D54B6BE3462}.Release|Mixed Platforms.ActiveCfg = Release|Any CPU
		{F2743826-5116-42F4-B75A-3D54B6BE3462}.Release|Mixed Platforms.Build.0 = Release|Any CPU
		{F2743826-5116-42F4-B75A-3D54B6BE3462}.ReleaseNoDocs|Mixed Platforms.ActiveCfg = Release|Any CPU
		{F2743826-5116-42F4-B75A-3D54B6BE3462}.ReleaseNoDocs|Mixed Platforms.Build.0 = Release|Any CPU
		{DE089B79-BFF9-4DCE-8457-5E442130922E}.Debug|Mixed Platforms.ActiveCfg = Debug|Any CPU
		{DE089B79-BFF9-4DCE-8457-5E442130922E}.Debug|Mixed Platforms.Build.0 = Debug|Any CPU
		{DE089B79-BFF9-4DCE-8457-5E442130922E}.Release|Mixed Platforms.ActiveCfg = Release|Any CPU
		{DE089B79-BFF9-4DCE-8457-5E442130922E}.Release|Mixed Platforms.Build.0 = Release|Any CPU
		{DE089B79-BFF9-4DCE-8457-5E442130922E}.ReleaseNoDocs|Mixed Platforms.ActiveCfg = Release|Any CPU
		{DE089B79-BFF9-4DCE-8457-5E442130922E}.ReleaseNoDocs|Mixed Platforms.Build.0 = Release|Any CPU
		{2B5E19B8-7169-4F4F-92DA-AE7D9F20DDC4}.Debug|Mixed Platforms.ActiveCfg = Debug|Win32
		{2B5E19B8-7169-4F4F-92DA-AE7D9F20DDC4}.Debug|Mixed Platforms.Build.0 = Debug|Win32
		{2B5E19B8-7169-4F4F-92DA-AE7D9F20DDC4}.Release|Mixed Platforms.ActiveCfg = Release|Win32
		{2B5E19B8-7169-4F4F-92DA-AE7D9F20DDC4}.Release|Mixed Platforms.Build.0 = Release|Win32
		{2B5E19B8-7169-4F4F-92DA-AE7D9F20DDC4}.ReleaseNoDocs|Mixed Platforms.ActiveCfg = Release|Win32
		{2B5E19B8-7169-4F4F-92DA-AE7D9F20DDC4}.ReleaseNoDocs|Mixed Platforms.Build.0 = Release|Win32
		{6F852167-4873-4541-A4FF-F4D9E396927B}.Debug|Mixed Platforms.ActiveCfg = Debug|Any CPU
		{6F852167-4873-4541-A4FF-F4D9E396927B}.Debug|Mixed Platforms.Build.0 = Debug|Any CPU
		{6F852167-4873-4541-A4FF-F4D9E396927B}.Release|Mixed Platforms.ActiveCfg = Release|Any CPU
		{6F852167-4873-4541-A4FF-F4D9E396927B}.Release|Mixed Platforms.Build.0 = Release|Any CPU
		{6F852167-4873-4541-A4FF-F4D9E396927B}.ReleaseNoDocs|Mixed Platforms.ActiveCfg = Release|Any CPU
		{6F852167-4873-4541-A4FF-F4D9E396927B}.ReleaseNoDocs|Mixed Platforms.Build.0 = Release|Any CPU
		{1D084AB3-E5DB-4A72-9DAF-E51D225D5FCF}.Debug|Mixed Platforms.ActiveCfg = Debug|Any CPU
		{1D084AB3-E5DB-4A72-9DAF-E51D225D5FCF}.Release|Mixed Platforms.ActiveCfg = Release|Any CPU
		{1D084AB3-E5DB-4A72-9DAF-E51D225D5FCF}.ReleaseNoDocs|Mixed Platforms.ActiveCfg = Release|Any CPU
		{04832591-1BB8-40F3-86A8-BE39F852223A}.Debug|Mixed Platforms.ActiveCfg = Debug|Any CPU
		{04832591-1BB8-40F3-86A8-BE39F852223A}.Release|Mixed Platforms.ActiveCfg = Release|Any CPU
		{04832591-1BB8-40F3-86A8-BE39F852223A}.ReleaseNoDocs|Mixed Platforms.ActiveCfg = Release|Any CPU
		{152CADE4-0D5C-459D-BF83-D15BB332091E}.Debug|Mixed Platforms.ActiveCfg = Debug|Any CPU
		{152CADE4-0D5C-459D-BF83-D15BB332091E}.Release|Mixed Platforms.ActiveCfg = Release|Any CPU
		{152CADE4-0D5C-459D-BF83-D15BB332091E}.ReleaseNoDocs|Mixed Platforms.ActiveCfg = Release|Any CPU
		{A537F483-6BFE-4C43-B30A-858706E823D7}.Debug|Mixed Platforms.ActiveCfg = Debug|Any CPU
		{A537F483-6BFE-4C43-B30A-858706E823D7}.Release|Mixed Platforms.ActiveCfg = Release|Any CPU
		{A537F483-6BFE-4C43-B30A-858706E823D7}.ReleaseNoDocs|Mixed Platforms.ActiveCfg = Release|Any CPU
		{895D00C5-F240-41D0-B6FE-F91898EADDDD}.Debug|Mixed Platforms.ActiveCfg = Debug|Any CPU
		{895D00C5-F240-41D0-B6FE-F91898EADDDD}.Release|Mixed Platforms.ActiveCfg = Release|Any CPU
		{895D00C5-F240-41D0-B6FE-F91898EADDDD}.ReleaseNoDocs|Mixed Platforms.ActiveCfg = Release|Any CPU
		{18425383-3F99-4407-81C7-E5338CE93152}.Debug|Mixed Platforms.ActiveCfg = Debug|Any CPU
		{18425383-3F99-4407-81C7-E5338CE93152}.Release|Mixed Platforms.ActiveCfg = Release|Any CPU
		{18425383-3F99-4407-81C7-E5338CE93152}.ReleaseNoDocs|Mixed Platforms.ActiveCfg = Release|Any CPU
		{B2AFA1D8-2EDE-49D0-8F6A-DE705A3DACDE}.Debug|Mixed Platforms.ActiveCfg = Debug|Any CPU
		{B2AFA1D8-2EDE-49D0-8F6A-DE705A3DACDE}.Release|Mixed Platforms.ActiveCfg = Release|Any CPU
		{B2AFA1D8-2EDE-49D0-8F6A-DE705A3DACDE}.ReleaseNoDocs|Mixed Platforms.ActiveCfg = Release|Any CPU
		{7D354409-687E-4397-B5E0-C305EE177E97}.Debug|Mixed Platforms.ActiveCfg = Debug|Any CPU
		{7D354409-687E-4397-B5E0-C305EE177E97}.Release|Mixed Platforms.ActiveCfg = Release|Any CPU
		{7D354409-687E-4397-B5E0-C305EE177E97}.ReleaseNoDocs|Mixed Platforms.ActiveCfg = Release|Any CPU
		{2102A83A-0501-43E4-AD19-AF0D408457A4}.Debug|Mixed Platforms.ActiveCfg = Debug|Any CPU
		{2102A83A-0501-43E4-AD19-AF0D408457A4}.Release|Mixed Platforms.ActiveCfg = Release|Any CPU
		{2102A83A-0501-43E4-AD19-AF0D408457A4}.ReleaseNoDocs|Mixed Platforms.ActiveCfg = Release|Any CPU
		{D822E6B6-277C-460C-A674-EBB28F10DE9C}.Debug|Mixed Platforms.ActiveCfg = Debug|Any CPU
		{D822E6B6-277C-460C-A674-EBB28F10DE9C}.Release|Mixed Platforms.ActiveCfg = Release|Any CPU
		{D822E6B6-277C-460C-A674-EBB28F10DE9C}.ReleaseNoDocs|Mixed Platforms.ActiveCfg = Release|Any CPU
		{B1EC6A50-FE20-490F-A633-A0CEA5ACF7C4}.Debug|Mixed Platforms.ActiveCfg = Debug|Any CPU
		{B1EC6A50-FE20-490F-A633-A0CEA5ACF7C4}.Release|Mixed Platforms.ActiveCfg = Release|Any CPU
		{B1EC6A50-FE20-490F-A633-A0CEA5ACF7C4}.ReleaseNoDocs|Mixed Platforms.ActiveCfg = Release|Any CPU
		{55D69660-CC73-469A-94CE-A28405B7C13F}.Debug|Mixed Platforms.ActiveCfg = Debug|Any CPU
		{55D69660-CC73-469A-94CE-A28405B7C13F}.Release|Mixed Platforms.ActiveCfg = Release|Any CPU
		{55D69660-CC73-469A-94CE-A28405B7C13F}.ReleaseNoDocs|Mixed Platforms.ActiveCfg = Release|Any CPU
		{1A9A19DB-3244-4A7B-A346-AD3E6C06B49B}.Debug|Mixed Platforms.ActiveCfg = Debug|Any CPU
		{1A9A19DB-3244-4A7B-A346-AD3E6C06B49B}.Release|Mixed Platforms.ActiveCfg = Release|Any CPU
		{1A9A19DB-3244-4A7B-A346-AD3E6C06B49B}.ReleaseNoDocs|Mixed Platforms.ActiveCfg = Release|Any CPU
		{03B2E018-1C97-4EA5-ABE4-B77DE03998BE}.Debug|Mixed Platforms.ActiveCfg = Debug|Any CPU
		{03B2E018-1C97-4EA5-ABE4-B77DE03998BE}.Release|Mixed Platforms.ActiveCfg = Release|Any CPU
		{03B2E018-1C97-4EA5-ABE4-B77DE03998BE}.ReleaseNoDocs|Mixed Platforms.ActiveCfg = Release|Any CPU
	EndGlobalSection
	GlobalSection(SolutionProperties) = preSolution
		HideSolutionNode = FALSE
	EndGlobalSection
	GlobalSection(NestedProjects) = preSolution
		{C1D0D0D8-9EF2-4557-B85F-34FDB0F466C4} = {62B45D81-B643-4E2B-B612-F479B9570F3A}
		{FDFD92C2-75CF-4437-87B8-841EC3624CE4} = {62B45D81-B643-4E2B-B612-F479B9570F3A}
		{EA57BD15-3742-45B8-BDE2-263F7236BAFD} = {5EB9C284-E943-4333-9F80-7C12475ACD00}
		{60B1668C-4331-4E3D-86F6-954FFCE0CD36} = {5EB9C284-E943-4333-9F80-7C12475ACD00}
		{F2743826-5116-42F4-B75A-3D54B6BE3462} = {49189605-C4D9-4DE1-A2CA-03774C69EC0A}
		{DE089B79-BFF9-4DCE-8457-5E442130922E} = {49189605-C4D9-4DE1-A2CA-03774C69EC0A}
		{2B5E19B8-7169-4F4F-92DA-AE7D9F20DDC4} = {49189605-C4D9-4DE1-A2CA-03774C69EC0A}
		{6F852167-4873-4541-A4FF-F4D9E396927B} = {49189605-C4D9-4DE1-A2CA-03774C69EC0A}
		{1D084AB3-E5DB-4A72-9DAF-E51D225D5FCF} = {5EB9C284-E943-4333-9F80-7C12475ACD00}
		{98480338-49A3-410D-8A11-E7956AEF9ACA} = {5EB9C284-E943-4333-9F80-7C12475ACD00}
		{04832591-1BB8-40F3-86A8-BE39F852223A} = {98480338-49A3-410D-8A11-E7956AEF9ACA}
		{152CADE4-0D5C-459D-BF83-D15BB332091E} = {98480338-49A3-410D-8A11-E7956AEF9ACA}
		{A537F483-6BFE-4C43-B30A-858706E823D7} = {98480338-49A3-410D-8A11-E7956AEF9ACA}
		{895D00C5-F240-41D0-B6FE-F91898EADDDD} = {98480338-49A3-410D-8A11-E7956AEF9ACA}
		{18425383-3F99-4407-81C7-E5338CE93152} = {98480338-49A3-410D-8A11-E7956AEF9ACA}
		{B2AFA1D8-2EDE-49D0-8F6A-DE705A3DACDE} = {98480338-49A3-410D-8A11-E7956AEF9ACA}
		{7D354409-687E-4397-B5E0-C305EE177E97} = {98480338-49A3-410D-8A11-E7956AEF9ACA}
		{2102A83A-0501-43E4-AD19-AF0D408457A4} = {98480338-49A3-410D-8A11-E7956AEF9ACA}
		{D822E6B6-277C-460C-A674-EBB28F10DE9C} = {98480338-49A3-410D-8A11-E7956AEF9ACA}
		{B1EC6A50-FE20-490F-A633-A0CEA5ACF7C4} = {98480338-49A3-410D-8A11-E7956AEF9ACA}
		{55D69660-CC73-469A-94CE-A28405B7C13F} = {98480338-49A3-410D-8A11-E7956AEF9ACA}
		{1A9A19DB-3244-4A7B-A346-AD3E6C06B49B} = {98480338-49A3-410D-8A11-E7956AEF9ACA}
		{03B2E018-1C97-4EA5-ABE4-B77DE03998BE} = {98480338-49A3-410D-8A11-E7956AEF9ACA}
	EndGlobalSection
	GlobalSection(TestCaseManagementSettings) = postSolution
		CategoryFile = openstack.net.vsmdi
	EndGlobalSection
EndGlobal
