
Microsoft Visual Studio Solution File, Format Version 11.00
# Visual Studio 2010
Project("{FAE04EC0-301F-11D3-BF4B-00C04F79EFBC}") = "corelib", "corelib\corelib.csproj", "{7DBA11EB-DBA7-4D3A-8D42-B5312E74B9C0}"
EndProject
Project("{7CF6DF6D-3B04-46F8-A40B-537D21BCA0B4}") = "Documentation", "Documentation\Documentation.shfbproj", "{EA57BD15-3742-45B8-BDE2-263F7236BAFD}"
EndProject
Global
	GlobalSection(SolutionConfigurationPlatforms) = preSolution
		Debug|Any CPU = Debug|Any CPU
		Debug|Mixed Platforms = Debug|Mixed Platforms
		Debug|x86 = Debug|x86
		Release|Any CPU = Release|Any CPU
		Release|Mixed Platforms = Release|Mixed Platforms
		Release|x86 = Release|x86
	EndGlobalSection
	GlobalSection(ProjectConfigurationPlatforms) = postSolution
		{7DBA11EB-DBA7-4D3A-8D42-B5312E74B9C0}.Debug|Any CPU.ActiveCfg = Debug|Any CPU
		{7DBA11EB-DBA7-4D3A-8D42-B5312E74B9C0}.Debug|Any CPU.Build.0 = Debug|Any CPU
		{7DBA11EB-DBA7-4D3A-8D42-B5312E74B9C0}.Debug|Mixed Platforms.ActiveCfg = Debug|Any CPU
		{7DBA11EB-DBA7-4D3A-8D42-B5312E74B9C0}.Debug|Mixed Platforms.Build.0 = Debug|Any CPU
		{7DBA11EB-DBA7-4D3A-8D42-B5312E74B9C0}.Debug|x86.ActiveCfg = Debug|Any CPU
		{7DBA11EB-DBA7-4D3A-8D42-B5312E74B9C0}.Release|Any CPU.ActiveCfg = Release|Any CPU
		{7DBA11EB-DBA7-4D3A-8D42-B5312E74B9C0}.Release|Any CPU.Build.0 = Release|Any CPU
		{7DBA11EB-DBA7-4D3A-8D42-B5312E74B9C0}.Release|Mixed Platforms.ActiveCfg = Release|Any CPU
		{7DBA11EB-DBA7-4D3A-8D42-B5312E74B9C0}.Release|Mixed Platforms.Build.0 = Release|Any CPU
		{7DBA11EB-DBA7-4D3A-8D42-B5312E74B9C0}.Release|x86.ActiveCfg = Release|Any CPU
		{EA57BD15-3742-45B8-BDE2-263F7236BAFD}.Debug|Any CPU.ActiveCfg = Debug|Any CPU
		{EA57BD15-3742-45B8-BDE2-263F7236BAFD}.Debug|Any CPU.Build.0 = Debug|Any CPU
		{EA57BD15-3742-45B8-BDE2-263F7236BAFD}.Debug|Mixed Platforms.ActiveCfg = Debug|Any CPU
		{EA57BD15-3742-45B8-BDE2-263F7236BAFD}.Debug|Mixed Platforms.Build.0 = Debug|Any CPU
		{EA57BD15-3742-45B8-BDE2-263F7236BAFD}.Debug|x86.ActiveCfg = Debug|Any CPU
		{EA57BD15-3742-45B8-BDE2-263F7236BAFD}.Release|Any CPU.ActiveCfg = Release|Any CPU
		{EA57BD15-3742-45B8-BDE2-263F7236BAFD}.Release|Any CPU.Build.0 = Release|Any CPU
		{EA57BD15-3742-45B8-BDE2-263F7236BAFD}.Release|Mixed Platforms.ActiveCfg = Release|Any CPU
		{EA57BD15-3742-45B8-BDE2-263F7236BAFD}.Release|Mixed Platforms.Build.0 = Release|Any CPU
		{EA57BD15-3742-45B8-BDE2-263F7236BAFD}.Release|x86.ActiveCfg = Release|Any CPU
	EndGlobalSection
	GlobalSection(SolutionProperties) = preSolution
		HideSolutionNode = FALSE
	EndGlobalSection
EndGlobal
